
Microsoft Visual Studio Solution File, Format Version 12.00
# Visual Studio Version 17
VisualStudioVersion = 17.7.34221.43
MinimumVisualStudioVersion = 10.0.40219.1
Project("{FAE04EC0-301F-11D3-BF4B-00C04F79EFBC}") = "TestDemoPublicApp", "TestDemoPublicApp\TestDemoPublicApp.csproj", "{927BC1A7-D9C6-4DCD-971E-855AF8F6B727}"
EndProject
Global
	GlobalSection(SolutionConfigurationPlatforms) = preSolution
		Debug|Any CPU = Debug|Any CPU
		Release|Any CPU = Release|Any CPU
	EndGlobalSection
	GlobalSection(ProjectConfigurationPlatforms) = postSolution
		{927BC1A7-D9C6-4DCD-971E-855AF8F6B727}.Debug|Any CPU.ActiveCfg = Debug|Any CPU
		{927BC1A7-D9C6-4DCD-971E-855AF8F6B727}.Debug|Any CPU.Build.0 = Debug|Any CPU
		{927BC1A7-D9C6-4DCD-971E-855AF8F6B727}.Release|Any CPU.ActiveCfg = Release|Any CPU
		{927BC1A7-D9C6-4DCD-971E-855AF8F6B727}.Release|Any CPU.Build.0 = Release|Any CPU
	EndGlobalSection
	GlobalSection(SolutionProperties) = preSolution
		HideSolutionNode = FALSE
	EndGlobalSection
	GlobalSection(ExtensibilityGlobals) = postSolution
		SolutionGuid = {DD74584B-3A25-42A6-81A7-BD49F106BEE8}
	EndGlobalSection
EndGlobal
